
Microsoft Visual Studio Solution File, Format Version 12.00
# Visual Studio 15
VisualStudioVersion = 15.0.28307.271
MinimumVisualStudioVersion = 10.0.40219.1
Project("{FAE04EC0-301F-11D3-BF4B-00C04F79EFBC}") = "StartProtocolVR", "StartProtocolVR\StartProtocolVR.csproj", "{87489478-FC48-42A4-A178-4794B6CEDFAA}"
EndProject
Global
	GlobalSection(SolutionConfigurationPlatforms) = preSolution
		Debug|Any CPU = Debug|Any CPU
		Release|Any CPU = Release|Any CPU
	EndGlobalSection
	GlobalSection(ProjectConfigurationPlatforms) = postSolution
		{87489478-FC48-42A4-A178-4794B6CEDFAA}.Debug|Any CPU.ActiveCfg = Debug|Any CPU
		{87489478-FC48-42A4-A178-4794B6CEDFAA}.Debug|Any CPU.Build.0 = Debug|Any CPU
		{87489478-FC48-42A4-A178-4794B6CEDFAA}.Release|Any CPU.ActiveCfg = Release|Any CPU
		{87489478-FC48-42A4-A178-4794B6CEDFAA}.Release|Any CPU.Build.0 = Release|Any CPU
	EndGlobalSection
	GlobalSection(SolutionProperties) = preSolution
		HideSolutionNode = FALSE
	EndGlobalSection
	GlobalSection(ExtensibilityGlobals) = postSolution
		SolutionGuid = {973C430A-CAF1-4A95-AAA9-65AD79A3447C}
	EndGlobalSection
EndGlobal
